// !$*UTF8*$!
{
	archiveVersion = 1;
	classes = {
	};
	objectVersion = 46;
	objects = {

/* Begin PBXBuildFile section */
		F356E0A81E72E0C5004195D2 /* context.c in Sources */ = {isa = PBXBuildFile; fileRef = F356E0741E72E0C5004195D2 /* context.c */; };
		F356E0A91E72E0C5004195D2 /* CSPGenerator.c in Sources */ = {isa = PBXBuildFile; fileRef = F356E0851E72E0C5004195D2 /* CSPGenerator.c */; };
		F356E0AA1E72E0C5004195D2 /* CSPInfo.c in Sources */ = {isa = PBXBuildFile; fileRef = F356E0861E72E0C5004195D2 /* CSPInfo.c */; };
		F356E0AB1E72E0C5004195D2 /* CSPParse.c in Sources */ = {isa = PBXBuildFile; fileRef = F356E0871E72E0C5004195D2 /* CSPParse.c */; };
		F356E0AC1E72E0C5004195D2 /* generate.c in Sources */ = {isa = PBXBuildFile; fileRef = F356E0881E72E0C5004195D2 /* generate.c */; };
		F356E0AD1E72E0C5004195D2 /* gmath.c in Sources */ = {isa = PBXBuildFile; fileRef = F356E0891E72E0C5004195D2 /* gmath.c */; };
		F356E0C41E72E0C5004195D2 /* parser.c in Sources */ = {isa = PBXBuildFile; fileRef = F356E0A31E72E0C5004195D2 /* parser.c */; };
		F356E0C51E72E0C5004195D2 /* sentence.c in Sources */ = {isa = PBXBuildFile; fileRef = F356E0A41E72E0C5004195D2 /* sentence.c */; };
		F356E0C61E72E0C5004195D2 /* time.c in Sources */ = {isa = PBXBuildFile; fileRef = F356E0A61E72E0C5004195D2 /* time.c */; };
		F356E0C71E72E0C5004195D2 /* tok.c in Sources */ = {isa = PBXBuildFile; fileRef = F356E0A71E72E0C5004195D2 /* tok.c */; };
		F39DC82D1E701A940041DD3E /* CSP.m in Sources */ = {isa = PBXBuildFile; fileRef = F39DC82C1E701A940041DD3E /* CSP.m */; };
		F39DC82E1E701A940041DD3E /* CSP.h in CopyFiles */ = {isa = PBXBuildFile; fileRef = F39DC82B1E701A940041DD3E /* CSP.h */; };
/* End PBXBuildFile section */

/* Begin PBXCopyFilesBuildPhase section */
		F39DC8261E701A940041DD3E /* CopyFiles */ = {
			isa = PBXCopyFilesBuildPhase;
			buildActionMask = 2147483647;
			dstPath = "include/$(PRODUCT_NAME)";
			dstSubfolderSpec = 16;
			files = (
				F39DC82E1E701A940041DD3E /* CSP.h in CopyFiles */,
			);
			runOnlyForDeploymentPostprocessing = 0;
		};
/* End PBXCopyFilesBuildPhase section */

/* Begin PBXFileReference section */
		F356E06E1E729AAD004195D2 /* ExternalAccessory.framework */ = {isa = PBXFileReference; lastKnownFileType = wrapper.framework; name = ExternalAccessory.framework; path = System/Library/Frameworks/ExternalAccessory.framework; sourceTree = SDKROOT; };
		F356E0741E72E0C5004195D2 /* context.c */ = {isa = PBXFileReference; fileEncoding = 4; lastKnownFileType = sourcecode.c.c; path = context.c; sourceTree = "<group>"; };
		F356E0761E72E0C5004195D2 /* context.h */ = {isa = PBXFileReference; fileEncoding = 4; lastKnownFileType = sourcecode.c.h; path = context.h; sourceTree = "<group>"; };
		F356E0771E72E0C5004195D2 /* CSPConfig.h */ = {isa = PBXFileReference; fileEncoding = 4; lastKnownFileType = sourcecode.c.h; path = CSPConfig.h; sourceTree = "<group>"; };
		F356E0781E72E0C5004195D2 /* CSPInfo.h */ = {isa = PBXFileReference; fileEncoding = 4; lastKnownFileType = sourcecode.c.h; path = CSPInfo.h; sourceTree = "<group>"; };
		F356E0791E72E0C5004195D2 /* CSPMessage.h */ = {isa = PBXFileReference; fileEncoding = 4; lastKnownFileType = sourcecode.c.h; path = CSPMessage.h; sourceTree = "<group>"; };
		F356E07A1E72E0C5004195D2 /* generate.h */ = {isa = PBXFileReference; fileEncoding = 4; lastKnownFileType = sourcecode.c.h; path = generate.h; sourceTree = "<group>"; };
		F356E07B1E72E0C5004195D2 /* generator.h */ = {isa = PBXFileReference; fileEncoding = 4; lastKnownFileType = sourcecode.c.h; path = generator.h; sourceTree = "<group>"; };
		F356E07C1E72E0C5004195D2 /* gmath.h */ = {isa = PBXFileReference; fileEncoding = 4; lastKnownFileType = sourcecode.c.h; path = gmath.h; sourceTree = "<group>"; };
		F356E07D1E72E0C5004195D2 /* info.h */ = {isa = PBXFileReference; fileEncoding = 4; lastKnownFileType = sourcecode.c.h; path = info.h; sourceTree = "<group>"; };
		F356E07E1E72E0C5004195D2 /* parse.h */ = {isa = PBXFileReference; fileEncoding = 4; lastKnownFileType = sourcecode.c.h; path = parse.h; sourceTree = "<group>"; };
		F356E07F1E72E0C5004195D2 /* parser.h */ = {isa = PBXFileReference; fileEncoding = 4; lastKnownFileType = sourcecode.c.h; path = parser.h; sourceTree = "<group>"; };
		F356E0801E72E0C5004195D2 /* sentence.h */ = {isa = PBXFileReference; fileEncoding = 4; lastKnownFileType = sourcecode.c.h; path = sentence.h; sourceTree = "<group>"; };
		F356E0811E72E0C5004195D2 /* time.h */ = {isa = PBXFileReference; fileEncoding = 4; lastKnownFileType = sourcecode.c.h; path = time.h; sourceTree = "<group>"; };
		F356E0821E72E0C5004195D2 /* tok.h */ = {isa = PBXFileReference; fileEncoding = 4; lastKnownFileType = sourcecode.c.h; path = tok.h; sourceTree = "<group>"; };
		F356E0831E72E0C5004195D2 /* units.h */ = {isa = PBXFileReference; fileEncoding = 4; lastKnownFileType = sourcecode.c.h; path = units.h; sourceTree = "<group>"; };
		F356E0841E72E0C5004195D2 /* csp.h */ = {isa = PBXFileReference; fileEncoding = 4; lastKnownFileType = sourcecode.c.h; path = csp.h; sourceTree = "<group>"; };
		F356E0851E72E0C5004195D2 /* CSPGenerator.c */ = {isa = PBXFileReference; fileEncoding = 4; lastKnownFileType = sourcecode.c.c; path = CSPGenerator.c; sourceTree = "<group>"; };
		F356E0861E72E0C5004195D2 /* CSPInfo.c */ = {isa = PBXFileReference; fileEncoding = 4; lastKnownFileType = sourcecode.c.c; path = CSPInfo.c; sourceTree = "<group>"; };
		F356E0871E72E0C5004195D2 /* CSPParse.c */ = {isa = PBXFileReference; fileEncoding = 4; lastKnownFileType = sourcecode.c.c; path = CSPParse.c; sourceTree = "<group>"; };
		F356E0881E72E0C5004195D2 /* generate.c */ = {isa = PBXFileReference; fileEncoding = 4; lastKnownFileType = sourcecode.c.c; path = generate.c; sourceTree = "<group>"; };
		F356E0891E72E0C5004195D2 /* gmath.c */ = {isa = PBXFileReference; fileEncoding = 4; lastKnownFileType = sourcecode.c.c; path = gmath.c; sourceTree = "<group>"; };
		F356E0A31E72E0C5004195D2 /* parser.c */ = {isa = PBXFileReference; fileEncoding = 4; lastKnownFileType = sourcecode.c.c; path = parser.c; sourceTree = "<group>"; };
		F356E0A41E72E0C5004195D2 /* sentence.c */ = {isa = PBXFileReference; fileEncoding = 4; lastKnownFileType = sourcecode.c.c; path = sentence.c; sourceTree = "<group>"; };
		F356E0A51E72E0C5004195D2 /* tags */ = {isa = PBXFileReference; fileEncoding = 4; lastKnownFileType = text; path = tags; sourceTree = "<group>"; };
		F356E0A61E72E0C5004195D2 /* time.c */ = {isa = PBXFileReference; fileEncoding = 4; lastKnownFileType = sourcecode.c.c; path = time.c; sourceTree = "<group>"; };
		F356E0A71E72E0C5004195D2 /* tok.c */ = {isa = PBXFileReference; fileEncoding = 4; lastKnownFileType = sourcecode.c.c; path = tok.c; sourceTree = "<group>"; };
		F356E0C81E730F75004195D2 /* README.TXT */ = {isa = PBXFileReference; fileEncoding = 4; lastKnownFileType = text; name = README.TXT; path = ../../libcsp/README.TXT; sourceTree = "<group>"; };
		F39DC8281E701A940041DD3E /* libCSP.a */ = {isa = PBXFileReference; explicitFileType = archive.ar; includeInIndex = 0; path = libCSP.a; sourceTree = BUILT_PRODUCTS_DIR; };
		F39DC82B1E701A940041DD3E /* CSP.h */ = {isa = PBXFileReference; lastKnownFileType = sourcecode.c.h; path = CSP.h; sourceTree = "<group>"; };
		F39DC82C1E701A940041DD3E /* CSP.m */ = {isa = PBXFileReference; lastKnownFileType = sourcecode.c.objc; path = CSP.m; sourceTree = "<group>"; };
/* End PBXFileReference section */

/* Begin PBXFrameworksBuildPhase section */
		F39DC8251E701A940041DD3E /* Frameworks */ = {
			isa = PBXFrameworksBuildPhase;
			buildActionMask = 2147483647;
			files = (
			);
			runOnlyForDeploymentPostprocessing = 0;
		};
/* End PBXFrameworksBuildPhase section */

/* Begin PBXGroup section */
		F356E06D1E729AAD004195D2 /* Frameworks */ = {
			isa = PBXGroup;
			children = (
				F356E06E1E729AAD004195D2 /* ExternalAccessory.framework */,
			);
			name = Frameworks;
			sourceTree = "<group>";
		};
		F356E0701E72E0C5004195D2 /* libsrc */ = {
			isa = PBXGroup;
			children = (
				F356E0751E72E0C5004195D2 /* csp */,
				F356E0841E72E0C5004195D2 /* csp.h */,
				F356E0741E72E0C5004195D2 /* context.c */,
				F356E0851E72E0C5004195D2 /* CSPGenerator.c */,
				F356E0861E72E0C5004195D2 /* CSPInfo.c */,
				F356E0871E72E0C5004195D2 /* CSPParse.c */,
				F356E0881E72E0C5004195D2 /* generate.c */,
				F356E0891E72E0C5004195D2 /* gmath.c */,
				F356E0A31E72E0C5004195D2 /* parser.c */,
				F356E0A41E72E0C5004195D2 /* sentence.c */,
				F356E0A51E72E0C5004195D2 /* tags */,
				F356E0A61E72E0C5004195D2 /* time.c */,
				F356E0A71E72E0C5004195D2 /* tok.c */,
			);
			name = libsrc;
			path = ../../libcsp/libsrc;
			sourceTree = "<group>";
		};
		F356E0751E72E0C5004195D2 /* csp */ = {
			isa = PBXGroup;
			children = (
				F356E0761E72E0C5004195D2 /* context.h */,
				F356E0771E72E0C5004195D2 /* CSPConfig.h */,
				F356E0781E72E0C5004195D2 /* CSPInfo.h */,
				F356E0791E72E0C5004195D2 /* CSPMessage.h */,
				F356E07A1E72E0C5004195D2 /* generate.h */,
				F356E07B1E72E0C5004195D2 /* generator.h */,
				F356E07C1E72E0C5004195D2 /* gmath.h */,
				F356E07D1E72E0C5004195D2 /* info.h */,
				F356E07E1E72E0C5004195D2 /* parse.h */,
				F356E07F1E72E0C5004195D2 /* parser.h */,
				F356E0801E72E0C5004195D2 /* sentence.h */,
				F356E0811E72E0C5004195D2 /* time.h */,
				F356E0821E72E0C5004195D2 /* tok.h */,
				F356E0831E72E0C5004195D2 /* units.h */,
			);
			path = csp;
			sourceTree = "<group>";
		};
		F39DC81F1E701A940041DD3E = {
			isa = PBXGroup;
			children = (
				F39DC82A1E701A940041DD3E /* CSP */,
				F39DC8291E701A940041DD3E /* Products */,
				F356E06D1E729AAD004195D2 /* Frameworks */,
			);
			sourceTree = "<group>";
		};
		F39DC8291E701A940041DD3E /* Products */ = {
			isa = PBXGroup;
			children = (
				F39DC8281E701A940041DD3E /* libCSP.a */,
			);
			name = Products;
			sourceTree = "<group>";
		};
		F39DC82A1E701A940041DD3E /* CSP */ = {
			isa = PBXGroup;
			children = (
				F356E0701E72E0C5004195D2 /* libsrc */,
				F39DC82B1E701A940041DD3E /* CSP.h */,
				F39DC82C1E701A940041DD3E /* CSP.m */,
				F356E0C81E730F75004195D2 /* README.TXT */,
			);
			path = CSP;
			sourceTree = "<group>";
		};
/* End PBXGroup section */

/* Begin PBXNativeTarget section */
		F39DC8271E701A940041DD3E /* CSP */ = {
			isa = PBXNativeTarget;
			buildConfigurationList = F39DC8311E701A940041DD3E /* Build configuration list for PBXNativeTarget "CSP" */;
			buildPhases = (
				F39DC8241E701A940041DD3E /* Sources */,
				F39DC8251E701A940041DD3E /* Frameworks */,
				F39DC8261E701A940041DD3E /* CopyFiles */,
			);
			buildRules = (
			);
			dependencies = (
			);
			name = CSP;
			productName = CSP;
			productReference = F39DC8281E701A940041DD3E /* libCSP.a */;
			productType = "com.apple.product-type.library.static";
		};
/* End PBXNativeTarget section */

/* Begin PBXProject section */
		F39DC8201E701A940041DD3E /* Project object */ = {
			isa = PBXProject;
			attributes = {
				LastUpgradeCheck = 0820;
				ORGANIZATIONNAME = "Gabriele Filosofi";
				TargetAttributes = {
					F39DC8271E701A940041DD3E = {
						CreatedOnToolsVersion = 8.2.1;
						DevelopmentTeam = BW3CBQD2N9;
						ProvisioningStyle = Automatic;
					};
				};
			};
			buildConfigurationList = F39DC8231E701A940041DD3E /* Build configuration list for PBXProject "CSP" */;
			compatibilityVersion = "Xcode 3.2";
			developmentRegion = English;
			hasScannedForEncodings = 0;
			knownRegions = (
				en,
			);
			mainGroup = F39DC81F1E701A940041DD3E;
			productRefGroup = F39DC8291E701A940041DD3E /* Products */;
			projectDirPath = "";
			projectRoot = "";
			targets = (
				F39DC8271E701A940041DD3E /* CSP */,
			);
		};
/* End PBXProject section */

/* Begin PBXSourcesBuildPhase section */
		F39DC8241E701A940041DD3E /* Sources */ = {
			isa = PBXSourcesBuildPhase;
			buildActionMask = 2147483647;
			files = (
				F356E0C71E72E0C5004195D2 /* tok.c in Sources */,
				F356E0C51E72E0C5004195D2 /* sentence.c in Sources */,
				F356E0AD1E72E0C5004195D2 /* gmath.c in Sources */,
				F356E0AA1E72E0C5004195D2 /* CSPInfo.c in Sources */,
				F356E0C41E72E0C5004195D2 /* parser.c in Sources */,
				F356E0A91E72E0C5004195D2 /* CSPGenerator.c in Sources */,
				F39DC82D1E701A940041DD3E /* CSP.m in Sources */,
				F356E0AB1E72E0C5004195D2 /* CSPParse.c in Sources */,
				F356E0AC1E72E0C5004195D2 /* generate.c in Sources */,
				F356E0C61E72E0C5004195D2 /* time.c in Sources */,
				F356E0A81E72E0C5004195D2 /* context.c in Sources */,
			);
			runOnlyForDeploymentPostprocessing = 0;
		};
/* End PBXSourcesBuildPhase section */

/* Begin XCBuildConfiguration section */
		F39DC82F1E701A940041DD3E /* Debug */ = {
			isa = XCBuildConfiguration;
			buildSettings = {
				ALWAYS_SEARCH_USER_PATHS = NO;
				CLANG_ANALYZER_NONNULL = YES;
				CLANG_CXX_LANGUAGE_STANDARD = "gnu++0x";
				CLANG_CXX_LIBRARY = "libc++";
				CLANG_ENABLE_MODULES = YES;
				CLANG_ENABLE_OBJC_ARC = YES;
				CLANG_WARN_BOOL_CONVERSION = YES;
				CLANG_WARN_CONSTANT_CONVERSION = YES;
				CLANG_WARN_DIRECT_OBJC_ISA_USAGE = YES_ERROR;
				CLANG_WARN_DOCUMENTATION_COMMENTS = YES;
				CLANG_WARN_EMPTY_BODY = YES;
				CLANG_WARN_ENUM_CONVERSION = YES;
				CLANG_WARN_INFINITE_RECURSION = YES;
				CLANG_WARN_INT_CONVERSION = YES;
				CLANG_WARN_OBJC_ROOT_CLASS = YES_ERROR;
				CLANG_WARN_SUSPICIOUS_MOVE = YES;
				CLANG_WARN_UNREACHABLE_CODE = YES;
				CLANG_WARN__DUPLICATE_METHOD_MATCH = YES;
				"CODE_SIGN_IDENTITY[sdk=iphoneos*]" = "iPhone Developer";
				COPY_PHASE_STRIP = NO;
				DEBUG_INFORMATION_FORMAT = dwarf;
				ENABLE_STRICT_OBJC_MSGSEND = YES;
				ENABLE_TESTABILITY = YES;
				GCC_C_LANGUAGE_STANDARD = gnu99;
				GCC_DYNAMIC_NO_PIC = NO;
				GCC_NO_COMMON_BLOCKS = YES;
				GCC_OPTIMIZATION_LEVEL = 0;
				GCC_PREPROCESSOR_DEFINITIONS = (
					"DEBUG=1",
					"$(inherited)",
				);
				GCC_WARN_64_TO_32_BIT_CONVERSION = YES;
				GCC_WARN_ABOUT_RETURN_TYPE = YES_ERROR;
				GCC_WARN_UNDECLARED_SELECTOR = YES;
				GCC_WARN_UNINITIALIZED_AUTOS = YES_AGGRESSIVE;
				GCC_WARN_UNUSED_FUNCTION = YES;
				GCC_WARN_UNUSED_VARIABLE = YES;
				IPHONEOS_DEPLOYMENT_TARGET = 10.2;
				MTL_ENABLE_DEBUG_INFO = YES;
				ONLY_ACTIVE_ARCH = YES;
				OTHER_CFLAGS = (
					"-Wall",
					"-Wextra",
					"-Weverything",
				);
				PRODUCT_NAME = K5;
				SDKROOT = iphoneos;
			};
			name = Debug;
		};
		F39DC8301E701A940041DD3E /* Release */ = {
			isa = XCBuildConfiguration;
			buildSettings = {
				ALWAYS_SEARCH_USER_PATHS = NO;
				CLANG_ANALYZER_NONNULL = YES;
				CLANG_CXX_LANGUAGE_STANDARD = "gnu++0x";
				CLANG_CXX_LIBRARY = "libc++";
				CLANG_ENABLE_MODULES = YES;
				CLANG_ENABLE_OBJC_ARC = YES;
				CLANG_WARN_BOOL_CONVERSION = YES;
				CLANG_WARN_CONSTANT_CONVERSION = YES;
				CLANG_WARN_DIRECT_OBJC_ISA_USAGE = YES_ERROR;
				CLANG_WARN_DOCUMENTATION_COMMENTS = YES;
				CLANG_WARN_EMPTY_BODY = YES;
				CLANG_WARN_ENUM_CONVERSION = YES;
				CLANG_WARN_INFINITE_RECURSION = YES;
				CLANG_WARN_INT_CONVERSION = YES;
				CLANG_WARN_OBJC_ROOT_CLASS = YES_ERROR;
				CLANG_WARN_SUSPICIOUS_MOVE = YES;
				CLANG_WARN_UNREACHABLE_CODE = YES;
				CLANG_WARN__DUPLICATE_METHOD_MATCH = YES;
				"CODE_SIGN_IDENTITY[sdk=iphoneos*]" = "iPhone Developer";
				COPY_PHASE_STRIP = NO;
				DEBUG_INFORMATION_FORMAT = "dwarf-with-dsym";
				ENABLE_NS_ASSERTIONS = NO;
				ENABLE_STRICT_OBJC_MSGSEND = YES;
				GCC_C_LANGUAGE_STANDARD = gnu99;
				GCC_NO_COMMON_BLOCKS = YES;
				GCC_WARN_64_TO_32_BIT_CONVERSION = YES;
				GCC_WARN_ABOUT_RETURN_TYPE = YES_ERROR;
				GCC_WARN_UNDECLARED_SELECTOR = YES;
				GCC_WARN_UNINITIALIZED_AUTOS = YES_AGGRESSIVE;
				GCC_WARN_UNUSED_FUNCTION = YES;
				GCC_WARN_UNUSED_VARIABLE = YES;
				IPHONEOS_DEPLOYMENT_TARGET = 10.2;
				MTL_ENABLE_DEBUG_INFO = NO;
				ONLY_ACTIVE_ARCH = YES;
				OTHER_CFLAGS = (
					"-Wall",
					"-Wextra",
					"-Weverything",
				);
				PRODUCT_NAME = K5;
				SDKROOT = iphoneos;
				VALIDATE_PRODUCT = YES;
			};
			name = Release;
		};
		F39DC8321E701A940041DD3E /* Debug */ = {
			isa = XCBuildConfiguration;
			buildSettings = {
				DEVELOPMENT_TEAM = BW3CBQD2N9;
				INCLUDED_RECURSIVE_SEARCH_PATH_SUBDIRECTORIES = csp;
				OTHER_LDFLAGS = "-ObjC";
				PRODUCT_NAME = "$(TARGET_NAME)";
				SKIP_INSTALL = YES;
			};
			name = Debug;
		};
		F39DC8331E701A940041DD3E /* Release */ = {
			isa = XCBuildConfiguration;
			buildSettings = {
				DEVELOPMENT_TEAM = BW3CBQD2N9;
				OTHER_LDFLAGS = "-ObjC";
				PRODUCT_NAME = "$(TARGET_NAME)";
				SKIP_INSTALL = YES;
			};
			name = Release;
		};
/* End XCBuildConfiguration section */

/* Begin XCConfigurationList section */
		F39DC8231E701A940041DD3E /* Build configuration list for PBXProject "CSP" */ = {
			isa = XCConfigurationList;
			buildConfigurations = (
				F39DC82F1E701A940041DD3E /* Debug */,
				F39DC8301E701A940041DD3E /* Release */,
			);
			defaultConfigurationIsVisible = 0;
			defaultConfigurationName = Release;
		};
		F39DC8311E701A940041DD3E /* Build configuration list for PBXNativeTarget "CSP" */ = {
			isa = XCConfigurationList;
			buildConfigurations = (
				F39DC8321E701A940041DD3E /* Debug */,
				F39DC8331E701A940041DD3E /* Release */,
			);
			defaultConfigurationIsVisible = 0;
			defaultConfigurationName = Release;
		};
/* End XCConfigurationList section */
	};
	rootObject = F39DC8201E701A940041DD3E /* Project object */;
}
