// !$*UTF8*$!
{
	archiveVersion = 1;
	classes = {
	};
	objectVersion = 46;
	objects = {

/* Begin PBXBuildFile section */
		F39DC82D1E701A940041DD3E /* CSP.m in Sources */ = {isa = PBXBuildFile; fileRef = F39DC82C1E701A940041DD3E /* CSP.m */; };
		F39DC82E1E701A940041DD3E /* CSP.h in CopyFiles */ = {isa = PBXBuildFile; fileRef = F39DC82B1E701A940041DD3E /* CSP.h */; };
/* End PBXBuildFile section */

/* Begin PBXCopyFilesBuildPhase section */
		F39DC8261E701A940041DD3E /* CopyFiles */ = {
			isa = PBXCopyFilesBuildPhase;
			buildActionMask = 2147483647;
			dstPath = "include/$(PRODUCT_NAME)";
			dstSubfolderSpec = 16;
			files = (
				F39DC82E1E701A940041DD3E /* CSP.h in CopyFiles */,
			);
			runOnlyForDeploymentPostprocessing = 0;
		};
/* End PBXCopyFilesBuildPhase section */

/* Begin PBXFileReference section */
		F3565A991E7331C6004F5263 /* libsrc */ = {isa = PBXFileReference; lastKnownFileType = folder; path = libsrc; sourceTree = "<group>"; };
		F3565A9B1E73339C004F5263 /* README.TXT */ = {isa = PBXFileReference; fileEncoding = 4; lastKnownFileType = text; path = README.TXT; sourceTree = "<group>"; };
		F356E06E1E729AAD004195D2 /* ExternalAccessory.framework */ = {isa = PBXFileReference; lastKnownFileType = wrapper.framework; name = ExternalAccessory.framework; path = System/Library/Frameworks/ExternalAccessory.framework; sourceTree = SDKROOT; };
		F39DC8281E701A940041DD3E /* libCSP.a */ = {isa = PBXFileReference; explicitFileType = archive.ar; includeInIndex = 0; path = libCSP.a; sourceTree = BUILT_PRODUCTS_DIR; };
		F39DC82B1E701A940041DD3E /* CSP.h */ = {isa = PBXFileReference; lastKnownFileType = sourcecode.c.h; path = CSP.h; sourceTree = "<group>"; };
		F39DC82C1E701A940041DD3E /* CSP.m */ = {isa = PBXFileReference; lastKnownFileType = sourcecode.c.objc; path = CSP.m; sourceTree = "<group>"; };
/* End PBXFileReference section */

/* Begin PBXFrameworksBuildPhase section */
		F39DC8251E701A940041DD3E /* Frameworks */ = {
			isa = PBXFrameworksBuildPhase;
			buildActionMask = 2147483647;
			files = (
			);
			runOnlyForDeploymentPostprocessing = 0;
		};
/* End PBXFrameworksBuildPhase section */

/* Begin PBXGroup section */
		F356E06D1E729AAD004195D2 /* Frameworks */ = {
			isa = PBXGroup;
			children = (
				F356E06E1E729AAD004195D2 /* ExternalAccessory.framework */,
			);
			name = Frameworks;
			sourceTree = "<group>";
		};
		F39DC81F1E701A940041DD3E = {
			isa = PBXGroup;
			children = (
				F3565A991E7331C6004F5263 /* libsrc */,
				F39DC82A1E701A940041DD3E /* CSP */,
				F39DC8291E701A940041DD3E /* Products */,
				F356E06D1E729AAD004195D2 /* Frameworks */,
			);
			sourceTree = "<group>";
		};
		F39DC8291E701A940041DD3E /* Products */ = {
			isa = PBXGroup;
			children = (
				F39DC8281E701A940041DD3E /* libCSP.a */,
			);
			name = Products;
			sourceTree = "<group>";
		};
		F39DC82A1E701A940041DD3E /* CSP */ = {
			isa = PBXGroup;
			children = (
				F3565A9B1E73339C004F5263 /* README.TXT */,
				F39DC82B1E701A940041DD3E /* CSP.h */,
				F39DC82C1E701A940041DD3E /* CSP.m */,
			);
			path = CSP;
			sourceTree = "<group>";
		};
/* End PBXGroup section */

/* Begin PBXNativeTarget section */
		F39DC8271E701A940041DD3E /* CSP */ = {
			isa = PBXNativeTarget;
			buildConfigurationList = F39DC8311E701A940041DD3E /* Build configuration list for PBXNativeTarget "CSP" */;
			buildPhases = (
				F39DC8241E701A940041DD3E /* Sources */,
				F39DC8251E701A940041DD3E /* Frameworks */,
				F39DC8261E701A940041DD3E /* CopyFiles */,
			);
			buildRules = (
			);
			dependencies = (
			);
			name = CSP;
			productName = CSP;
			productReference = F39DC8281E701A940041DD3E /* libCSP.a */;
			productType = "com.apple.product-type.library.static";
		};
/* End PBXNativeTarget section */

/* Begin PBXProject section */
		F39DC8201E701A940041DD3E /* Project object */ = {
			isa = PBXProject;
			attributes = {
				LastUpgradeCheck = 0820;
				ORGANIZATIONNAME = "Gabriele Filosofi";
				TargetAttributes = {
					F39DC8271E701A940041DD3E = {
						CreatedOnToolsVersion = 8.2.1;
						DevelopmentTeam = BW3CBQD2N9;
						ProvisioningStyle = Automatic;
					};
				};
			};
			buildConfigurationList = F39DC8231E701A940041DD3E /* Build configuration list for PBXProject "CSP" */;
			compatibilityVersion = "Xcode 3.2";
			developmentRegion = English;
			hasScannedForEncodings = 0;
			knownRegions = (
				en,
			);
			mainGroup = F39DC81F1E701A940041DD3E;
			productRefGroup = F39DC8291E701A940041DD3E /* Products */;
			projectDirPath = "";
			projectRoot = "";
			targets = (
				F39DC8271E701A940041DD3E /* CSP */,
			);
		};
/* End PBXProject section */

/* Begin PBXSourcesBuildPhase section */
		F39DC8241E701A940041DD3E /* Sources */ = {
			isa = PBXSourcesBuildPhase;
			buildActionMask = 2147483647;
			files = (
				F39DC82D1E701A940041DD3E /* CSP.m in Sources */,
			);
			runOnlyForDeploymentPostprocessing = 0;
		};
/* End PBXSourcesBuildPhase section */

/* Begin XCBuildConfiguration section */
		F39DC82F1E701A940041DD3E /* Debug */ = {
			isa = XCBuildConfiguration;
			buildSettings = {
				ALWAYS_SEARCH_USER_PATHS = NO;
				CLANG_ANALYZER_NONNULL = YES;
				CLANG_CXX_LANGUAGE_STANDARD = "gnu++0x";
				CLANG_CXX_LIBRARY = "libc++";
				CLANG_ENABLE_MODULES = YES;
				CLANG_ENABLE_OBJC_ARC = YES;
				CLANG_WARN_BOOL_CONVERSION = YES;
				CLANG_WARN_CONSTANT_CONVERSION = YES;
				CLANG_WARN_DIRECT_OBJC_ISA_USAGE = YES_ERROR;
				CLANG_WARN_DOCUMENTATION_COMMENTS = YES;
				CLANG_WARN_EMPTY_BODY = YES;
				CLANG_WARN_ENUM_CONVERSION = YES;
				CLANG_WARN_INFINITE_RECURSION = YES;
				CLANG_WARN_INT_CONVERSION = YES;
				CLANG_WARN_OBJC_ROOT_CLASS = YES_ERROR;
				CLANG_WARN_SUSPICIOUS_MOVE = YES;
				CLANG_WARN_UNREACHABLE_CODE = YES;
				CLANG_WARN__DUPLICATE_METHOD_MATCH = YES;
				"CODE_SIGN_IDENTITY[sdk=iphoneos*]" = "iPhone Developer";
				COPY_PHASE_STRIP = NO;
				DEBUG_INFORMATION_FORMAT = dwarf;
				ENABLE_STRICT_OBJC_MSGSEND = YES;
				ENABLE_TESTABILITY = YES;
				GCC_C_LANGUAGE_STANDARD = gnu99;
				GCC_DYNAMIC_NO_PIC = NO;
				GCC_NO_COMMON_BLOCKS = YES;
				GCC_OPTIMIZATION_LEVEL = 0;
				GCC_PREPROCESSOR_DEFINITIONS = (
					"DEBUG=1",
					"$(inherited)",
				);
				GCC_WARN_64_TO_32_BIT_CONVERSION = YES;
				GCC_WARN_ABOUT_RETURN_TYPE = YES_ERROR;
				GCC_WARN_UNDECLARED_SELECTOR = YES;
				GCC_WARN_UNINITIALIZED_AUTOS = YES_AGGRESSIVE;
				GCC_WARN_UNUSED_FUNCTION = YES;
				GCC_WARN_UNUSED_VARIABLE = YES;
				IPHONEOS_DEPLOYMENT_TARGET = 10.2;
				MTL_ENABLE_DEBUG_INFO = YES;
				ONLY_ACTIVE_ARCH = YES;
				OTHER_CFLAGS = (
					"-Wall",
					"-Wextra",
					"-Weverything",
				);
				PRODUCT_NAME = K5;
				SCAN_ALL_SOURCE_FILES_FOR_INCLUDES = NO;
				SDKROOT = iphoneos;
			};
			name = Debug;
		};
		F39DC8301E701A940041DD3E /* Release */ = {
			isa = XCBuildConfiguration;
			buildSettings = {
				ALWAYS_SEARCH_USER_PATHS = NO;
				CLANG_ANALYZER_NONNULL = YES;
				CLANG_CXX_LANGUAGE_STANDARD = "gnu++0x";
				CLANG_CXX_LIBRARY = "libc++";
				CLANG_ENABLE_MODULES = YES;
				CLANG_ENABLE_OBJC_ARC = YES;
				CLANG_WARN_BOOL_CONVERSION = YES;
				CLANG_WARN_CONSTANT_CONVERSION = YES;
				CLANG_WARN_DIRECT_OBJC_ISA_USAGE = YES_ERROR;
				CLANG_WARN_DOCUMENTATION_COMMENTS = YES;
				CLANG_WARN_EMPTY_BODY = YES;
				CLANG_WARN_ENUM_CONVERSION = YES;
				CLANG_WARN_INFINITE_RECURSION = YES;
				CLANG_WARN_INT_CONVERSION = YES;
				CLANG_WARN_OBJC_ROOT_CLASS = YES_ERROR;
				CLANG_WARN_SUSPICIOUS_MOVE = YES;
				CLANG_WARN_UNREACHABLE_CODE = YES;
				CLANG_WARN__DUPLICATE_METHOD_MATCH = YES;
				"CODE_SIGN_IDENTITY[sdk=iphoneos*]" = "iPhone Developer";
				COPY_PHASE_STRIP = NO;
				DEBUG_INFORMATION_FORMAT = "dwarf-with-dsym";
				ENABLE_NS_ASSERTIONS = NO;
				ENABLE_STRICT_OBJC_MSGSEND = YES;
				GCC_C_LANGUAGE_STANDARD = gnu99;
				GCC_NO_COMMON_BLOCKS = YES;
				GCC_WARN_64_TO_32_BIT_CONVERSION = YES;
				GCC_WARN_ABOUT_RETURN_TYPE = YES_ERROR;
				GCC_WARN_UNDECLARED_SELECTOR = YES;
				GCC_WARN_UNINITIALIZED_AUTOS = YES_AGGRESSIVE;
				GCC_WARN_UNUSED_FUNCTION = YES;
				GCC_WARN_UNUSED_VARIABLE = YES;
				IPHONEOS_DEPLOYMENT_TARGET = 10.2;
				MTL_ENABLE_DEBUG_INFO = NO;
				ONLY_ACTIVE_ARCH = YES;
				OTHER_CFLAGS = (
					"-Wall",
					"-Wextra",
					"-Weverything",
				);
				PRODUCT_NAME = K5;
				SCAN_ALL_SOURCE_FILES_FOR_INCLUDES = NO;
				SDKROOT = iphoneos;
				VALIDATE_PRODUCT = YES;
			};
			name = Release;
		};
		F39DC8321E701A940041DD3E /* Debug */ = {
			isa = XCBuildConfiguration;
			buildSettings = {
				DEVELOPMENT_TEAM = BW3CBQD2N9;
				INCLUDED_RECURSIVE_SEARCH_PATH_SUBDIRECTORIES = csp;
				LIBRARY_SEARCH_PATHS = (
					"$(inherited)",
					"$(PROJECT_DIR)/CSP/libsrc/obj-host",
				);
				OTHER_LDFLAGS = "-ObjC";
				PRODUCT_NAME = "$(TARGET_NAME)";
				SCAN_ALL_SOURCE_FILES_FOR_INCLUDES = NO;
				SKIP_INSTALL = YES;
			};
			name = Debug;
		};
		F39DC8331E701A940041DD3E /* Release */ = {
			isa = XCBuildConfiguration;
			buildSettings = {
				DEVELOPMENT_TEAM = BW3CBQD2N9;
				INCLUDED_RECURSIVE_SEARCH_PATH_SUBDIRECTORIES = csp;
				LIBRARY_SEARCH_PATHS = (
					"$(inherited)",
					"$(PROJECT_DIR)/CSP/libsrc/obj-host",
				);
				OTHER_LDFLAGS = "-ObjC";
				PRODUCT_NAME = "$(TARGET_NAME)";
				SCAN_ALL_SOURCE_FILES_FOR_INCLUDES = NO;
				SKIP_INSTALL = YES;
			};
			name = Release;
		};
/* End XCBuildConfiguration section */

/* Begin XCConfigurationList section */
		F39DC8231E701A940041DD3E /* Build configuration list for PBXProject "CSP" */ = {
			isa = XCConfigurationList;
			buildConfigurations = (
				F39DC82F1E701A940041DD3E /* Debug */,
				F39DC8301E701A940041DD3E /* Release */,
			);
			defaultConfigurationIsVisible = 0;
			defaultConfigurationName = Release;
		};
		F39DC8311E701A940041DD3E /* Build configuration list for PBXNativeTarget "CSP" */ = {
			isa = XCConfigurationList;
			buildConfigurations = (
				F39DC8321E701A940041DD3E /* Debug */,
				F39DC8331E701A940041DD3E /* Release */,
			);
			defaultConfigurationIsVisible = 0;
			defaultConfigurationName = Release;
		};
/* End XCConfigurationList section */
	};
	rootObject = F39DC8201E701A940041DD3E /* Project object */;
}
